// !$*UTF8*$!
{
	archiveVersion = 1;
	classes = {
	};
	objectVersion = 56;
	objects = {

/* Begin PBXBuildFile section */
		A91EBDB32A0BEA2500D2F13C /* Authentication.h in Headers */ = {isa = PBXBuildFile; fileRef = A91EBDB22A0BEA2500D2F13C /* Authentication.h */; settings = {ATTRIBUTES = (Public, ); }; };
		A91EBDBC2A0BEA3800D2F13C /* Core.framework in Frameworks */ = {isa = PBXBuildFile; fileRef = A91EBDBA2A0BEA3800D2F13C /* Core.framework */; };
		A91EBDBD2A0BEA3800D2F13C /* Core.framework in Embed Frameworks */ = {isa = PBXBuildFile; fileRef = A91EBDBA2A0BEA3800D2F13C /* Core.framework */; settings = {ATTRIBUTES = (CodeSignOnCopy, RemoveHeadersOnCopy, ); }; };
		A91EBDBE2A0BEA3800D2F13C /* Design.framework in Frameworks */ = {isa = PBXBuildFile; fileRef = A91EBDBB2A0BEA3800D2F13C /* Design.framework */; };
		A91EBDBF2A0BEA3800D2F13C /* Design.framework in Embed Frameworks */ = {isa = PBXBuildFile; fileRef = A91EBDBB2A0BEA3800D2F13C /* Design.framework */; settings = {ATTRIBUTES = (CodeSignOnCopy, RemoveHeadersOnCopy, ); }; };
		A91EBDC82A0BEAC600D2F13C /* AuthenticationAssembly.swift in Sources */ = {isa = PBXBuildFile; fileRef = A91EBDC42A0BEAC600D2F13C /* AuthenticationAssembly.swift */; };
		A91EBDC92A0BEAC600D2F13C /* AuthenticationInteractor.swift in Sources */ = {isa = PBXBuildFile; fileRef = A91EBDC52A0BEAC600D2F13C /* AuthenticationInteractor.swift */; };
		A91EBDCA2A0BEAC600D2F13C /* AuthenticationView.swift in Sources */ = {isa = PBXBuildFile; fileRef = A91EBDC62A0BEAC600D2F13C /* AuthenticationView.swift */; };
		A91EBDCB2A0BEAC600D2F13C /* AuthenticationState.swift in Sources */ = {isa = PBXBuildFile; fileRef = A91EBDC72A0BEAC600D2F13C /* AuthenticationState.swift */; };
		A91EBDCD2A0BEB4800D2F13C /* AuthenticationRouter.swift in Sources */ = {isa = PBXBuildFile; fileRef = A91EBDCC2A0BEB4800D2F13C /* AuthenticationRouter.swift */; };
		A91EBDCF2A0BEB9A00D2F13C /* AuthenticationEnvironment.swift in Sources */ = {isa = PBXBuildFile; fileRef = A91EBDCE2A0BEB9A00D2F13C /* AuthenticationEnvironment.swift */; };
		A9924BBF2A0C2D9000608BA4 /* KeychainService.framework in Frameworks */ = {isa = PBXBuildFile; fileRef = A9924BBE2A0C2D9000608BA4 /* KeychainService.framework */; };
		A9924BC02A0C2D9000608BA4 /* KeychainService.framework in Embed Frameworks */ = {isa = PBXBuildFile; fileRef = A9924BBE2A0C2D9000608BA4 /* KeychainService.framework */; settings = {ATTRIBUTES = (CodeSignOnCopy, RemoveHeadersOnCopy, ); }; };
/* End PBXBuildFile section */

/* Begin PBXCopyFilesBuildPhase section */
		A91EBDC02A0BEA3800D2F13C /* Embed Frameworks */ = {
			isa = PBXCopyFilesBuildPhase;
			buildActionMask = 2147483647;
			dstPath = "";
			dstSubfolderSpec = 10;
			files = (
				A91EBDBF2A0BEA3800D2F13C /* Design.framework in Embed Frameworks */,
				A91EBDBD2A0BEA3800D2F13C /* Core.framework in Embed Frameworks */,
				A9924BC02A0C2D9000608BA4 /* KeychainService.framework in Embed Frameworks */,
			);
			name = "Embed Frameworks";
			runOnlyForDeploymentPostprocessing = 0;
		};
/* End PBXCopyFilesBuildPhase section */

/* Begin PBXFileReference section */
		A91EBDAF2A0BEA2500D2F13C /* Authentication.framework */ = {isa = PBXFileReference; explicitFileType = wrapper.framework; includeInIndex = 0; path = Authentication.framework; sourceTree = BUILT_PRODUCTS_DIR; };
		A91EBDB22A0BEA2500D2F13C /* Authentication.h */ = {isa = PBXFileReference; lastKnownFileType = sourcecode.c.h; path = Authentication.h; sourceTree = "<group>"; };
		A91EBDBA2A0BEA3800D2F13C /* Core.framework */ = {isa = PBXFileReference; explicitFileType = wrapper.framework; path = Core.framework; sourceTree = BUILT_PRODUCTS_DIR; };
		A91EBDBB2A0BEA3800D2F13C /* Design.framework */ = {isa = PBXFileReference; explicitFileType = wrapper.framework; path = Design.framework; sourceTree = BUILT_PRODUCTS_DIR; };
		A91EBDC42A0BEAC600D2F13C /* AuthenticationAssembly.swift */ = {isa = PBXFileReference; lastKnownFileType = sourcecode.swift; path = AuthenticationAssembly.swift; sourceTree = "<group>"; };
		A91EBDC52A0BEAC600D2F13C /* AuthenticationInteractor.swift */ = {isa = PBXFileReference; lastKnownFileType = sourcecode.swift; path = AuthenticationInteractor.swift; sourceTree = "<group>"; };
		A91EBDC62A0BEAC600D2F13C /* AuthenticationView.swift */ = {isa = PBXFileReference; lastKnownFileType = sourcecode.swift; path = AuthenticationView.swift; sourceTree = "<group>"; };
		A91EBDC72A0BEAC600D2F13C /* AuthenticationState.swift */ = {isa = PBXFileReference; lastKnownFileType = sourcecode.swift; path = AuthenticationState.swift; sourceTree = "<group>"; };
		A91EBDCC2A0BEB4800D2F13C /* AuthenticationRouter.swift */ = {isa = PBXFileReference; lastKnownFileType = sourcecode.swift; path = AuthenticationRouter.swift; sourceTree = "<group>"; };
		A91EBDCE2A0BEB9A00D2F13C /* AuthenticationEnvironment.swift */ = {isa = PBXFileReference; lastKnownFileType = sourcecode.swift; path = AuthenticationEnvironment.swift; sourceTree = "<group>"; };
		A9924BBE2A0C2D9000608BA4 /* KeychainService.framework */ = {isa = PBXFileReference; explicitFileType = wrapper.framework; path = KeychainService.framework; sourceTree = BUILT_PRODUCTS_DIR; };
/* End PBXFileReference section */

/* Begin PBXFrameworksBuildPhase section */
		A91EBDAC2A0BEA2500D2F13C /* Frameworks */ = {
			isa = PBXFrameworksBuildPhase;
			buildActionMask = 2147483647;
			files = (
				A91EBDBE2A0BEA3800D2F13C /* Design.framework in Frameworks */,
				A91EBDBC2A0BEA3800D2F13C /* Core.framework in Frameworks */,
				A9924BBF2A0C2D9000608BA4 /* KeychainService.framework in Frameworks */,
			);
			runOnlyForDeploymentPostprocessing = 0;
		};
/* End PBXFrameworksBuildPhase section */

/* Begin PBXGroup section */
		A91EBDA52A0BEA2500D2F13C = {
			isa = PBXGroup;
			children = (
				A91EBDCE2A0BEB9A00D2F13C /* AuthenticationEnvironment.swift */,
				A91EBDCC2A0BEB4800D2F13C /* AuthenticationRouter.swift */,
				A91EBDC42A0BEAC600D2F13C /* AuthenticationAssembly.swift */,
				A91EBDC52A0BEAC600D2F13C /* AuthenticationInteractor.swift */,
				A91EBDC62A0BEAC600D2F13C /* AuthenticationView.swift */,
				A91EBDC72A0BEAC600D2F13C /* AuthenticationState.swift */,
				A91EBDB12A0BEA2500D2F13C /* Authentication */,
				A91EBDB02A0BEA2500D2F13C /* Products */,
				A91EBDB92A0BEA3800D2F13C /* Frameworks */,
			);
			sourceTree = "<group>";
		};
		A91EBDB02A0BEA2500D2F13C /* Products */ = {
			isa = PBXGroup;
			children = (
				A91EBDAF2A0BEA2500D2F13C /* Authentication.framework */,
			);
			name = Products;
			sourceTree = "<group>";
		};
		A91EBDB12A0BEA2500D2F13C /* Authentication */ = {
			isa = PBXGroup;
			children = (
				A91EBDB22A0BEA2500D2F13C /* Authentication.h */,
			);
			path = Authentication;
			sourceTree = "<group>";
		};
		A91EBDB92A0BEA3800D2F13C /* Frameworks */ = {
			isa = PBXGroup;
			children = (
				A9924BBE2A0C2D9000608BA4 /* KeychainService.framework */,
				A91EBDBA2A0BEA3800D2F13C /* Core.framework */,
				A91EBDBB2A0BEA3800D2F13C /* Design.framework */,
			);
			name = Frameworks;
			sourceTree = "<group>";
		};
/* End PBXGroup section */

/* Begin PBXHeadersBuildPhase section */
		A91EBDAA2A0BEA2500D2F13C /* Headers */ = {
			isa = PBXHeadersBuildPhase;
			buildActionMask = 2147483647;
			files = (
				A91EBDB32A0BEA2500D2F13C /* Authentication.h in Headers */,
			);
			runOnlyForDeploymentPostprocessing = 0;
		};
/* End PBXHeadersBuildPhase section */

/* Begin PBXNativeTarget section */
		A91EBDAE2A0BEA2500D2F13C /* Authentication */ = {
			isa = PBXNativeTarget;
			buildConfigurationList = A91EBDB62A0BEA2500D2F13C /* Build configuration list for PBXNativeTarget "Authentication" */;
			buildPhases = (
				A91EBDAA2A0BEA2500D2F13C /* Headers */,
				A91EBDAB2A0BEA2500D2F13C /* Sources */,
				A91EBDAC2A0BEA2500D2F13C /* Frameworks */,
				A91EBDAD2A0BEA2500D2F13C /* Resources */,
				A91EBDC02A0BEA3800D2F13C /* Embed Frameworks */,
			);
			buildRules = (
			);
			dependencies = (
			);
			name = Authentication;
			productName = Authentication;
			productReference = A91EBDAF2A0BEA2500D2F13C /* Authentication.framework */;
			productType = "com.apple.product-type.framework";
		};
/* End PBXNativeTarget section */

/* Begin PBXProject section */
		A91EBDA62A0BEA2500D2F13C /* Project object */ = {
			isa = PBXProject;
			attributes = {
				BuildIndependentTargetsInParallel = 1;
				LastUpgradeCheck = 1430;
				TargetAttributes = {
					A91EBDAE2A0BEA2500D2F13C = {
						CreatedOnToolsVersion = 14.3;
						LastSwiftMigration = 1430;
					};
				};
			};
			buildConfigurationList = A91EBDA92A0BEA2500D2F13C /* Build configuration list for PBXProject "Authentication" */;
			compatibilityVersion = "Xcode 14.0";
			developmentRegion = en;
			hasScannedForEncodings = 0;
			knownRegions = (
				en,
				Base,
			);
			mainGroup = A91EBDA52A0BEA2500D2F13C;
			productRefGroup = A91EBDB02A0BEA2500D2F13C /* Products */;
			projectDirPath = "";
			projectRoot = "";
			targets = (
				A91EBDAE2A0BEA2500D2F13C /* Authentication */,
			);
		};
/* End PBXProject section */

/* Begin PBXResourcesBuildPhase section */
		A91EBDAD2A0BEA2500D2F13C /* Resources */ = {
			isa = PBXResourcesBuildPhase;
			buildActionMask = 2147483647;
			files = (
			);
			runOnlyForDeploymentPostprocessing = 0;
		};
/* End PBXResourcesBuildPhase section */

/* Begin PBXSourcesBuildPhase section */
		A91EBDAB2A0BEA2500D2F13C /* Sources */ = {
			isa = PBXSourcesBuildPhase;
			buildActionMask = 2147483647;
			files = (
				A91EBDC92A0BEAC600D2F13C /* AuthenticationInteractor.swift in Sources */,
				A91EBDCF2A0BEB9A00D2F13C /* AuthenticationEnvironment.swift in Sources */,
				A91EBDCB2A0BEAC600D2F13C /* AuthenticationState.swift in Sources */,
				A91EBDCD2A0BEB4800D2F13C /* AuthenticationRouter.swift in Sources */,
				A91EBDC82A0BEAC600D2F13C /* AuthenticationAssembly.swift in Sources */,
				A91EBDCA2A0BEAC600D2F13C /* AuthenticationView.swift in Sources */,
			);
			runOnlyForDeploymentPostprocessing = 0;
		};
/* End PBXSourcesBuildPhase section */

/* Begin XCBuildConfiguration section */
		A91EBDB42A0BEA2500D2F13C /* Debug */ = {
			isa = XCBuildConfiguration;
			buildSettings = {
				ALWAYS_SEARCH_USER_PATHS = NO;
				CLANG_ANALYZER_NONNULL = YES;
				CLANG_ANALYZER_NUMBER_OBJECT_CONVERSION = YES_AGGRESSIVE;
				CLANG_CXX_LANGUAGE_STANDARD = "gnu++20";
				CLANG_ENABLE_MODULES = YES;
				CLANG_ENABLE_OBJC_ARC = YES;
				CLANG_ENABLE_OBJC_WEAK = YES;
				CLANG_WARN_BLOCK_CAPTURE_AUTORELEASING = YES;
				CLANG_WARN_BOOL_CONVERSION = YES;
				CLANG_WARN_COMMA = YES;
				CLANG_WARN_CONSTANT_CONVERSION = YES;
				CLANG_WARN_DEPRECATED_OBJC_IMPLEMENTATIONS = YES;
				CLANG_WARN_DIRECT_OBJC_ISA_USAGE = YES_ERROR;
				CLANG_WARN_DOCUMENTATION_COMMENTS = YES;
				CLANG_WARN_EMPTY_BODY = YES;
				CLANG_WARN_ENUM_CONVERSION = YES;
				CLANG_WARN_INFINITE_RECURSION = YES;
				CLANG_WARN_INT_CONVERSION = YES;
				CLANG_WARN_NON_LITERAL_NULL_CONVERSION = YES;
				CLANG_WARN_OBJC_IMPLICIT_RETAIN_SELF = YES;
				CLANG_WARN_OBJC_LITERAL_CONVERSION = YES;
				CLANG_WARN_OBJC_ROOT_CLASS = YES_ERROR;
				CLANG_WARN_QUOTED_INCLUDE_IN_FRAMEWORK_HEADER = YES;
				CLANG_WARN_RANGE_LOOP_ANALYSIS = YES;
				CLANG_WARN_STRICT_PROTOTYPES = YES;
				CLANG_WARN_SUSPICIOUS_MOVE = YES;
				CLANG_WARN_UNGUARDED_AVAILABILITY = YES_AGGRESSIVE;
				CLANG_WARN_UNREACHABLE_CODE = YES;
				CLANG_WARN__DUPLICATE_METHOD_MATCH = YES;
				COPY_PHASE_STRIP = NO;
				CURRENT_PROJECT_VERSION = 1;
				DEBUG_INFORMATION_FORMAT = dwarf;
				ENABLE_STRICT_OBJC_MSGSEND = YES;
				ENABLE_TESTABILITY = YES;
				GCC_C_LANGUAGE_STANDARD = gnu11;
				GCC_DYNAMIC_NO_PIC = NO;
				GCC_NO_COMMON_BLOCKS = YES;
				GCC_OPTIMIZATION_LEVEL = 0;
				GCC_PREPROCESSOR_DEFINITIONS = (
					"DEBUG=1",
					"$(inherited)",
				);
				GCC_WARN_64_TO_32_BIT_CONVERSION = YES;
				GCC_WARN_ABOUT_RETURN_TYPE = YES_ERROR;
				GCC_WARN_UNDECLARED_SELECTOR = YES;
				GCC_WARN_UNINITIALIZED_AUTOS = YES_AGGRESSIVE;
				GCC_WARN_UNUSED_FUNCTION = YES;
				GCC_WARN_UNUSED_VARIABLE = YES;
				IPHONEOS_DEPLOYMENT_TARGET = 16.4;
				MTL_ENABLE_DEBUG_INFO = INCLUDE_SOURCE;
				MTL_FAST_MATH = YES;
				ONLY_ACTIVE_ARCH = YES;
				SDKROOT = iphoneos;
				SWIFT_ACTIVE_COMPILATION_CONDITIONS = DEBUG;
				SWIFT_OPTIMIZATION_LEVEL = "-Onone";
				VERSIONING_SYSTEM = "apple-generic";
				VERSION_INFO_PREFIX = "";
			};
			name = Debug;
		};
		A91EBDB52A0BEA2500D2F13C /* Release */ = {
			isa = XCBuildConfiguration;
			buildSettings = {
				ALWAYS_SEARCH_USER_PATHS = NO;
				CLANG_ANALYZER_NONNULL = YES;
				CLANG_ANALYZER_NUMBER_OBJECT_CONVERSION = YES_AGGRESSIVE;
				CLANG_CXX_LANGUAGE_STANDARD = "gnu++20";
				CLANG_ENABLE_MODULES = YES;
				CLANG_ENABLE_OBJC_ARC = YES;
				CLANG_ENABLE_OBJC_WEAK = YES;
				CLANG_WARN_BLOCK_CAPTURE_AUTORELEASING = YES;
				CLANG_WARN_BOOL_CONVERSION = YES;
				CLANG_WARN_COMMA = YES;
				CLANG_WARN_CONSTANT_CONVERSION = YES;
				CLANG_WARN_DEPRECATED_OBJC_IMPLEMENTATIONS = YES;
				CLANG_WARN_DIRECT_OBJC_ISA_USAGE = YES_ERROR;
				CLANG_WARN_DOCUMENTATION_COMMENTS = YES;
				CLANG_WARN_EMPTY_BODY = YES;
				CLANG_WARN_ENUM_CONVERSION = YES;
				CLANG_WARN_INFINITE_RECURSION = YES;
				CLANG_WARN_INT_CONVERSION = YES;
				CLANG_WARN_NON_LITERAL_NULL_CONVERSION = YES;
				CLANG_WARN_OBJC_IMPLICIT_RETAIN_SELF = YES;
				CLANG_WARN_OBJC_LITERAL_CONVERSION = YES;
				CLANG_WARN_OBJC_ROOT_CLASS = YES_ERROR;
				CLANG_WARN_QUOTED_INCLUDE_IN_FRAMEWORK_HEADER = YES;
				CLANG_WARN_RANGE_LOOP_ANALYSIS = YES;
				CLANG_WARN_STRICT_PROTOTYPES = YES;
				CLANG_WARN_SUSPICIOUS_MOVE = YES;
				CLANG_WARN_UNGUARDED_AVAILABILITY = YES_AGGRESSIVE;
				CLANG_WARN_UNREACHABLE_CODE = YES;
				CLANG_WARN__DUPLICATE_METHOD_MATCH = YES;
				COPY_PHASE_STRIP = NO;
				CURRENT_PROJECT_VERSION = 1;
				DEBUG_INFORMATION_FORMAT = "dwarf-with-dsym";
				ENABLE_NS_ASSERTIONS = NO;
				ENABLE_STRICT_OBJC_MSGSEND = YES;
				GCC_C_LANGUAGE_STANDARD = gnu11;
				GCC_NO_COMMON_BLOCKS = YES;
				GCC_WARN_64_TO_32_BIT_CONVERSION = YES;
				GCC_WARN_ABOUT_RETURN_TYPE = YES_ERROR;
				GCC_WARN_UNDECLARED_SELECTOR = YES;
				GCC_WARN_UNINITIALIZED_AUTOS = YES_AGGRESSIVE;
				GCC_WARN_UNUSED_FUNCTION = YES;
				GCC_WARN_UNUSED_VARIABLE = YES;
				IPHONEOS_DEPLOYMENT_TARGET = 16.4;
				MTL_ENABLE_DEBUG_INFO = NO;
				MTL_FAST_MATH = YES;
				SDKROOT = iphoneos;
				SWIFT_COMPILATION_MODE = wholemodule;
				SWIFT_OPTIMIZATION_LEVEL = "-O";
				VALIDATE_PRODUCT = YES;
				VERSIONING_SYSTEM = "apple-generic";
				VERSION_INFO_PREFIX = "";
			};
			name = Release;
		};
		A91EBDB72A0BEA2500D2F13C /* Debug */ = {
			isa = XCBuildConfiguration;
			buildSettings = {
				CLANG_ENABLE_MODULES = YES;
				CODE_SIGN_STYLE = Automatic;
				CURRENT_PROJECT_VERSION = 1;
				DEFINES_MODULE = YES;
				DEVELOPMENT_TEAM = 4VHK29RMU6;
				DYLIB_COMPATIBILITY_VERSION = 1;
				DYLIB_CURRENT_VERSION = 1;
				DYLIB_INSTALL_NAME_BASE = "@rpath";
				ENABLE_MODULE_VERIFIER = YES;
				GENERATE_INFOPLIST_FILE = YES;
				INFOPLIST_KEY_NSHumanReadableCopyright = "";
				INSTALL_PATH = "$(LOCAL_LIBRARY_DIR)/Frameworks";
				IPHONEOS_DEPLOYMENT_TARGET = 16.0;
				LD_RUNPATH_SEARCH_PATHS = (
					"$(inherited)",
					"@executable_path/Frameworks",
					"@loader_path/Frameworks",
				);
				MARKETING_VERSION = 1.0;
				MODULE_VERIFIER_SUPPORTED_LANGUAGES = "objective-c objective-c++";
				MODULE_VERIFIER_SUPPORTED_LANGUAGE_STANDARDS = "gnu11 gnu++20";
				PRODUCT_BUNDLE_IDENTIFIER = com.yopeso.flaviusdolha.Authentication;
				PRODUCT_NAME = "$(TARGET_NAME:c99extidentifier)";
				SKIP_INSTALL = YES;
				SWIFT_EMIT_LOC_STRINGS = YES;
				SWIFT_OPTIMIZATION_LEVEL = "-Onone";
				SWIFT_VERSION = 5.0;
				TARGETED_DEVICE_FAMILY = "1,2";
			};
			name = Debug;
		};
		A91EBDB82A0BEA2500D2F13C /* Release */ = {
			isa = XCBuildConfiguration;
			buildSettings = {
				CLANG_ENABLE_MODULES = YES;
				CODE_SIGN_STYLE = Automatic;
				CURRENT_PROJECT_VERSION = 1;
				DEFINES_MODULE = YES;
				DEVELOPMENT_TEAM = 4VHK29RMU6;
				DYLIB_COMPATIBILITY_VERSION = 1;
				DYLIB_CURRENT_VERSION = 1;
				DYLIB_INSTALL_NAME_BASE = "@rpath";
				ENABLE_MODULE_VERIFIER = YES;
				GENERATE_INFOPLIST_FILE = YES;
				INFOPLIST_KEY_NSHumanReadableCopyright = "";
				INSTALL_PATH = "$(LOCAL_LIBRARY_DIR)/Frameworks";
				IPHONEOS_DEPLOYMENT_TARGET = 16.0;
				LD_RUNPATH_SEARCH_PATHS = (
					"$(inherited)",
					"@executable_path/Frameworks",
					"@loader_path/Frameworks",
				);
				MARKETING_VERSION = 1.0;
				MODULE_VERIFIER_SUPPORTED_LANGUAGES = "objective-c objective-c++";
				MODULE_VERIFIER_SUPPORTED_LANGUAGE_STANDARDS = "gnu11 gnu++20";
				PRODUCT_BUNDLE_IDENTIFIER = com.yopeso.flaviusdolha.Authentication;
				PRODUCT_NAME = "$(TARGET_NAME:c99extidentifier)";
				SKIP_INSTALL = YES;
				SWIFT_EMIT_LOC_STRINGS = YES;
				SWIFT_VERSION = 5.0;
				TARGETED_DEVICE_FAMILY = "1,2";
			};
			name = Release;
		};
/* End XCBuildConfiguration section */

/* Begin XCConfigurationList section */
		A91EBDA92A0BEA2500D2F13C /* Build configuration list for PBXProject "Authentication" */ = {
			isa = XCConfigurationList;
			buildConfigurations = (
				A91EBDB42A0BEA2500D2F13C /* Debug */,
				A91EBDB52A0BEA2500D2F13C /* Release */,
			);
			defaultConfigurationIsVisible = 0;
			defaultConfigurationName = Release;
		};
		A91EBDB62A0BEA2500D2F13C /* Build configuration list for PBXNativeTarget "Authentication" */ = {
			isa = XCConfigurationList;
			buildConfigurations = (
				A91EBDB72A0BEA2500D2F13C /* Debug */,
				A91EBDB82A0BEA2500D2F13C /* Release */,
			);
			defaultConfigurationIsVisible = 0;
			defaultConfigurationName = Release;
		};
/* End XCConfigurationList section */
	};
	rootObject = A91EBDA62A0BEA2500D2F13C /* Project object */;
}
