// !$*UTF8*$!
{
	archiveVersion = 1;
	classes = {
	};
	objectVersion = 56;
	objects = {

/* Begin PBXBuildFile section */
		A9C164902A0FC376009EA7A7 /* Budget.h in Headers */ = {isa = PBXBuildFile; fileRef = A9C1648F2A0FC376009EA7A7 /* Budget.h */; settings = {ATTRIBUTES = (Public, ); }; };
		A9C1649A2A0FC389009EA7A7 /* Core.framework in Frameworks */ = {isa = PBXBuildFile; fileRef = A9C164972A0FC389009EA7A7 /* Core.framework */; };
		A9C1649B2A0FC389009EA7A7 /* Core.framework in Embed Frameworks */ = {isa = PBXBuildFile; fileRef = A9C164972A0FC389009EA7A7 /* Core.framework */; settings = {ATTRIBUTES = (CodeSignOnCopy, RemoveHeadersOnCopy, ); }; };
		A9C1649C2A0FC389009EA7A7 /* Design.framework in Frameworks */ = {isa = PBXBuildFile; fileRef = A9C164982A0FC389009EA7A7 /* Design.framework */; };
		A9C1649D2A0FC389009EA7A7 /* Design.framework in Embed Frameworks */ = {isa = PBXBuildFile; fileRef = A9C164982A0FC389009EA7A7 /* Design.framework */; settings = {ATTRIBUTES = (CodeSignOnCopy, RemoveHeadersOnCopy, ); }; };
		A9C1649E2A0FC389009EA7A7 /* Domain.framework in Frameworks */ = {isa = PBXBuildFile; fileRef = A9C164992A0FC389009EA7A7 /* Domain.framework */; };
		A9C1649F2A0FC389009EA7A7 /* Domain.framework in Embed Frameworks */ = {isa = PBXBuildFile; fileRef = A9C164992A0FC389009EA7A7 /* Domain.framework */; settings = {ATTRIBUTES = (CodeSignOnCopy, RemoveHeadersOnCopy, ); }; };
		A9C164A22A0FC3AD009EA7A7 /* BudgetRouter.swift in Sources */ = {isa = PBXBuildFile; fileRef = A9C164A12A0FC3AD009EA7A7 /* BudgetRouter.swift */; };
		A9C164A42A0FC3DF009EA7A7 /* BudgetEnvironment.swift in Sources */ = {isa = PBXBuildFile; fileRef = A9C164A32A0FC3DF009EA7A7 /* BudgetEnvironment.swift */; };
		A9C164A92A0FC430009EA7A7 /* BudgetAssembly.swift in Sources */ = {isa = PBXBuildFile; fileRef = A9C164A52A0FC430009EA7A7 /* BudgetAssembly.swift */; };
		A9C164AA2A0FC430009EA7A7 /* BudgetInteractor.swift in Sources */ = {isa = PBXBuildFile; fileRef = A9C164A62A0FC430009EA7A7 /* BudgetInteractor.swift */; };
		A9C164AB2A0FC430009EA7A7 /* BudgetView.swift in Sources */ = {isa = PBXBuildFile; fileRef = A9C164A72A0FC430009EA7A7 /* BudgetView.swift */; };
		A9C164AC2A0FC430009EA7A7 /* BudgetState.swift in Sources */ = {isa = PBXBuildFile; fileRef = A9C164A82A0FC430009EA7A7 /* BudgetState.swift */; };
		A9C164B92A0FDAA1009EA7A7 /* ManageBudgetAssembly.swift in Sources */ = {isa = PBXBuildFile; fileRef = A9C164B52A0FDAA1009EA7A7 /* ManageBudgetAssembly.swift */; };
		A9C164BA2A0FDAA1009EA7A7 /* ManageBudgetInteractor.swift in Sources */ = {isa = PBXBuildFile; fileRef = A9C164B62A0FDAA1009EA7A7 /* ManageBudgetInteractor.swift */; };
		A9C164BB2A0FDAA1009EA7A7 /* ManageBudgetView.swift in Sources */ = {isa = PBXBuildFile; fileRef = A9C164B72A0FDAA1009EA7A7 /* ManageBudgetView.swift */; };
		A9C164BC2A0FDAA1009EA7A7 /* ManageBudgetState.swift in Sources */ = {isa = PBXBuildFile; fileRef = A9C164B82A0FDAA1009EA7A7 /* ManageBudgetState.swift */; };
/* End PBXBuildFile section */

/* Begin PBXCopyFilesBuildPhase section */
		A9C164A02A0FC389009EA7A7 /* Embed Frameworks */ = {
			isa = PBXCopyFilesBuildPhase;
			buildActionMask = 2147483647;
			dstPath = "";
			dstSubfolderSpec = 10;
			files = (
				A9C1649F2A0FC389009EA7A7 /* Domain.framework in Embed Frameworks */,
				A9C1649D2A0FC389009EA7A7 /* Design.framework in Embed Frameworks */,
				A9C1649B2A0FC389009EA7A7 /* Core.framework in Embed Frameworks */,
			);
			name = "Embed Frameworks";
			runOnlyForDeploymentPostprocessing = 0;
		};
/* End PBXCopyFilesBuildPhase section */

/* Begin PBXFileReference section */
		A9C1648C2A0FC376009EA7A7 /* Budget.framework */ = {isa = PBXFileReference; explicitFileType = wrapper.framework; includeInIndex = 0; path = Budget.framework; sourceTree = BUILT_PRODUCTS_DIR; };
		A9C1648F2A0FC376009EA7A7 /* Budget.h */ = {isa = PBXFileReference; lastKnownFileType = sourcecode.c.h; path = Budget.h; sourceTree = "<group>"; };
		A9C164972A0FC389009EA7A7 /* Core.framework */ = {isa = PBXFileReference; explicitFileType = wrapper.framework; path = Core.framework; sourceTree = BUILT_PRODUCTS_DIR; };
		A9C164982A0FC389009EA7A7 /* Design.framework */ = {isa = PBXFileReference; explicitFileType = wrapper.framework; path = Design.framework; sourceTree = BUILT_PRODUCTS_DIR; };
		A9C164992A0FC389009EA7A7 /* Domain.framework */ = {isa = PBXFileReference; explicitFileType = wrapper.framework; path = Domain.framework; sourceTree = BUILT_PRODUCTS_DIR; };
		A9C164A12A0FC3AD009EA7A7 /* BudgetRouter.swift */ = {isa = PBXFileReference; lastKnownFileType = sourcecode.swift; path = BudgetRouter.swift; sourceTree = "<group>"; };
		A9C164A32A0FC3DF009EA7A7 /* BudgetEnvironment.swift */ = {isa = PBXFileReference; lastKnownFileType = sourcecode.swift; path = BudgetEnvironment.swift; sourceTree = "<group>"; };
		A9C164A52A0FC430009EA7A7 /* BudgetAssembly.swift */ = {isa = PBXFileReference; lastKnownFileType = sourcecode.swift; path = BudgetAssembly.swift; sourceTree = "<group>"; };
		A9C164A62A0FC430009EA7A7 /* BudgetInteractor.swift */ = {isa = PBXFileReference; lastKnownFileType = sourcecode.swift; path = BudgetInteractor.swift; sourceTree = "<group>"; };
		A9C164A72A0FC430009EA7A7 /* BudgetView.swift */ = {isa = PBXFileReference; lastKnownFileType = sourcecode.swift; path = BudgetView.swift; sourceTree = "<group>"; };
		A9C164A82A0FC430009EA7A7 /* BudgetState.swift */ = {isa = PBXFileReference; lastKnownFileType = sourcecode.swift; path = BudgetState.swift; sourceTree = "<group>"; };
		A9C164B52A0FDAA1009EA7A7 /* ManageBudgetAssembly.swift */ = {isa = PBXFileReference; lastKnownFileType = sourcecode.swift; path = ManageBudgetAssembly.swift; sourceTree = "<group>"; };
		A9C164B62A0FDAA1009EA7A7 /* ManageBudgetInteractor.swift */ = {isa = PBXFileReference; lastKnownFileType = sourcecode.swift; path = ManageBudgetInteractor.swift; sourceTree = "<group>"; };
		A9C164B72A0FDAA1009EA7A7 /* ManageBudgetView.swift */ = {isa = PBXFileReference; lastKnownFileType = sourcecode.swift; path = ManageBudgetView.swift; sourceTree = "<group>"; };
		A9C164B82A0FDAA1009EA7A7 /* ManageBudgetState.swift */ = {isa = PBXFileReference; lastKnownFileType = sourcecode.swift; path = ManageBudgetState.swift; sourceTree = "<group>"; };
/* End PBXFileReference section */

/* Begin PBXFrameworksBuildPhase section */
		A9C164892A0FC376009EA7A7 /* Frameworks */ = {
			isa = PBXFrameworksBuildPhase;
			buildActionMask = 2147483647;
			files = (
				A9C1649E2A0FC389009EA7A7 /* Domain.framework in Frameworks */,
				A9C1649C2A0FC389009EA7A7 /* Design.framework in Frameworks */,
				A9C1649A2A0FC389009EA7A7 /* Core.framework in Frameworks */,
			);
			runOnlyForDeploymentPostprocessing = 0;
		};
/* End PBXFrameworksBuildPhase section */

/* Begin PBXGroup section */
		A9C164822A0FC376009EA7A7 = {
			isa = PBXGroup;
			children = (
				A9C164B42A0FDA6A009EA7A7 /* ManageBudget */,
				A9C164A52A0FC430009EA7A7 /* BudgetAssembly.swift */,
				A9C164A62A0FC430009EA7A7 /* BudgetInteractor.swift */,
				A9C164A72A0FC430009EA7A7 /* BudgetView.swift */,
				A9C164A82A0FC430009EA7A7 /* BudgetState.swift */,
				A9C164A32A0FC3DF009EA7A7 /* BudgetEnvironment.swift */,
				A9C164A12A0FC3AD009EA7A7 /* BudgetRouter.swift */,
				A9C1648E2A0FC376009EA7A7 /* Budget */,
				A9C1648D2A0FC376009EA7A7 /* Products */,
				A9C164962A0FC389009EA7A7 /* Frameworks */,
			);
			sourceTree = "<group>";
		};
		A9C1648D2A0FC376009EA7A7 /* Products */ = {
			isa = PBXGroup;
			children = (
				A9C1648C2A0FC376009EA7A7 /* Budget.framework */,
			);
			name = Products;
			sourceTree = "<group>";
		};
		A9C1648E2A0FC376009EA7A7 /* Budget */ = {
			isa = PBXGroup;
			children = (
				A9C1648F2A0FC376009EA7A7 /* Budget.h */,
			);
			path = Budget;
			sourceTree = "<group>";
		};
		A9C164962A0FC389009EA7A7 /* Frameworks */ = {
			isa = PBXGroup;
			children = (
				A9C164972A0FC389009EA7A7 /* Core.framework */,
				A9C164982A0FC389009EA7A7 /* Design.framework */,
				A9C164992A0FC389009EA7A7 /* Domain.framework */,
			);
			name = Frameworks;
			sourceTree = "<group>";
		};
		A9C164B42A0FDA6A009EA7A7 /* ManageBudget */ = {
			isa = PBXGroup;
			children = (
				A9C164B52A0FDAA1009EA7A7 /* ManageBudgetAssembly.swift */,
				A9C164B62A0FDAA1009EA7A7 /* ManageBudgetInteractor.swift */,
				A9C164B72A0FDAA1009EA7A7 /* ManageBudgetView.swift */,
				A9C164B82A0FDAA1009EA7A7 /* ManageBudgetState.swift */,
			);
			path = ManageBudget;
			sourceTree = "<group>";
		};
/* End PBXGroup section */

/* Begin PBXHeadersBuildPhase section */
		A9C164872A0FC376009EA7A7 /* Headers */ = {
			isa = PBXHeadersBuildPhase;
			buildActionMask = 2147483647;
			files = (
				A9C164902A0FC376009EA7A7 /* Budget.h in Headers */,
			);
			runOnlyForDeploymentPostprocessing = 0;
		};
/* End PBXHeadersBuildPhase section */

/* Begin PBXNativeTarget section */
		A9C1648B2A0FC376009EA7A7 /* Budget */ = {
			isa = PBXNativeTarget;
			buildConfigurationList = A9C164932A0FC376009EA7A7 /* Build configuration list for PBXNativeTarget "Budget" */;
			buildPhases = (
				A9C164872A0FC376009EA7A7 /* Headers */,
				A9C164882A0FC376009EA7A7 /* Sources */,
				A9C164892A0FC376009EA7A7 /* Frameworks */,
				A9C1648A2A0FC376009EA7A7 /* Resources */,
				A9C164A02A0FC389009EA7A7 /* Embed Frameworks */,
			);
			buildRules = (
			);
			dependencies = (
			);
			name = Budget;
			productName = Budget;
			productReference = A9C1648C2A0FC376009EA7A7 /* Budget.framework */;
			productType = "com.apple.product-type.framework";
		};
/* End PBXNativeTarget section */

/* Begin PBXProject section */
		A9C164832A0FC376009EA7A7 /* Project object */ = {
			isa = PBXProject;
			attributes = {
				BuildIndependentTargetsInParallel = 1;
				LastUpgradeCheck = 1430;
				TargetAttributes = {
					A9C1648B2A0FC376009EA7A7 = {
						CreatedOnToolsVersion = 14.3;
						LastSwiftMigration = 1430;
					};
				};
			};
			buildConfigurationList = A9C164862A0FC376009EA7A7 /* Build configuration list for PBXProject "Budget" */;
			compatibilityVersion = "Xcode 14.0";
			developmentRegion = en;
			hasScannedForEncodings = 0;
			knownRegions = (
				en,
				Base,
			);
			mainGroup = A9C164822A0FC376009EA7A7;
			productRefGroup = A9C1648D2A0FC376009EA7A7 /* Products */;
			projectDirPath = "";
			projectRoot = "";
			targets = (
				A9C1648B2A0FC376009EA7A7 /* Budget */,
			);
		};
/* End PBXProject section */

/* Begin PBXResourcesBuildPhase section */
		A9C1648A2A0FC376009EA7A7 /* Resources */ = {
			isa = PBXResourcesBuildPhase;
			buildActionMask = 2147483647;
			files = (
			);
			runOnlyForDeploymentPostprocessing = 0;
		};
/* End PBXResourcesBuildPhase section */

/* Begin PBXSourcesBuildPhase section */
		A9C164882A0FC376009EA7A7 /* Sources */ = {
			isa = PBXSourcesBuildPhase;
			buildActionMask = 2147483647;
			files = (
				A9C164AC2A0FC430009EA7A7 /* BudgetState.swift in Sources */,
				A9C164A42A0FC3DF009EA7A7 /* BudgetEnvironment.swift in Sources */,
				A9C164A22A0FC3AD009EA7A7 /* BudgetRouter.swift in Sources */,
				A9C164A92A0FC430009EA7A7 /* BudgetAssembly.swift in Sources */,
				A9C164B92A0FDAA1009EA7A7 /* ManageBudgetAssembly.swift in Sources */,
				A9C164BC2A0FDAA1009EA7A7 /* ManageBudgetState.swift in Sources */,
				A9C164AA2A0FC430009EA7A7 /* BudgetInteractor.swift in Sources */,
				A9C164BA2A0FDAA1009EA7A7 /* ManageBudgetInteractor.swift in Sources */,
				A9C164AB2A0FC430009EA7A7 /* BudgetView.swift in Sources */,
				A9C164BB2A0FDAA1009EA7A7 /* ManageBudgetView.swift in Sources */,
			);
			runOnlyForDeploymentPostprocessing = 0;
		};
/* End PBXSourcesBuildPhase section */

/* Begin XCBuildConfiguration section */
		A9C164912A0FC376009EA7A7 /* Debug */ = {
			isa = XCBuildConfiguration;
			buildSettings = {
				ALWAYS_SEARCH_USER_PATHS = NO;
				CLANG_ANALYZER_NONNULL = YES;
				CLANG_ANALYZER_NUMBER_OBJECT_CONVERSION = YES_AGGRESSIVE;
				CLANG_CXX_LANGUAGE_STANDARD = "gnu++20";
				CLANG_ENABLE_MODULES = YES;
				CLANG_ENABLE_OBJC_ARC = YES;
				CLANG_ENABLE_OBJC_WEAK = YES;
				CLANG_WARN_BLOCK_CAPTURE_AUTORELEASING = YES;
				CLANG_WARN_BOOL_CONVERSION = YES;
				CLANG_WARN_COMMA = YES;
				CLANG_WARN_CONSTANT_CONVERSION = YES;
				CLANG_WARN_DEPRECATED_OBJC_IMPLEMENTATIONS = YES;
				CLANG_WARN_DIRECT_OBJC_ISA_USAGE = YES_ERROR;
				CLANG_WARN_DOCUMENTATION_COMMENTS = YES;
				CLANG_WARN_EMPTY_BODY = YES;
				CLANG_WARN_ENUM_CONVERSION = YES;
				CLANG_WARN_INFINITE_RECURSION = YES;
				CLANG_WARN_INT_CONVERSION = YES;
				CLANG_WARN_NON_LITERAL_NULL_CONVERSION = YES;
				CLANG_WARN_OBJC_IMPLICIT_RETAIN_SELF = YES;
				CLANG_WARN_OBJC_LITERAL_CONVERSION = YES;
				CLANG_WARN_OBJC_ROOT_CLASS = YES_ERROR;
				CLANG_WARN_QUOTED_INCLUDE_IN_FRAMEWORK_HEADER = YES;
				CLANG_WARN_RANGE_LOOP_ANALYSIS = YES;
				CLANG_WARN_STRICT_PROTOTYPES = YES;
				CLANG_WARN_SUSPICIOUS_MOVE = YES;
				CLANG_WARN_UNGUARDED_AVAILABILITY = YES_AGGRESSIVE;
				CLANG_WARN_UNREACHABLE_CODE = YES;
				CLANG_WARN__DUPLICATE_METHOD_MATCH = YES;
				COPY_PHASE_STRIP = NO;
				CURRENT_PROJECT_VERSION = 1;
				DEBUG_INFORMATION_FORMAT = dwarf;
				ENABLE_STRICT_OBJC_MSGSEND = YES;
				ENABLE_TESTABILITY = YES;
				GCC_C_LANGUAGE_STANDARD = gnu11;
				GCC_DYNAMIC_NO_PIC = NO;
				GCC_NO_COMMON_BLOCKS = YES;
				GCC_OPTIMIZATION_LEVEL = 0;
				GCC_PREPROCESSOR_DEFINITIONS = (
					"DEBUG=1",
					"$(inherited)",
				);
				GCC_WARN_64_TO_32_BIT_CONVERSION = YES;
				GCC_WARN_ABOUT_RETURN_TYPE = YES_ERROR;
				GCC_WARN_UNDECLARED_SELECTOR = YES;
				GCC_WARN_UNINITIALIZED_AUTOS = YES_AGGRESSIVE;
				GCC_WARN_UNUSED_FUNCTION = YES;
				GCC_WARN_UNUSED_VARIABLE = YES;
				IPHONEOS_DEPLOYMENT_TARGET = 16.4;
				MTL_ENABLE_DEBUG_INFO = INCLUDE_SOURCE;
				MTL_FAST_MATH = YES;
				ONLY_ACTIVE_ARCH = YES;
				SDKROOT = iphoneos;
				SWIFT_ACTIVE_COMPILATION_CONDITIONS = DEBUG;
				SWIFT_OPTIMIZATION_LEVEL = "-Onone";
				VERSIONING_SYSTEM = "apple-generic";
				VERSION_INFO_PREFIX = "";
			};
			name = Debug;
		};
		A9C164922A0FC376009EA7A7 /* Release */ = {
			isa = XCBuildConfiguration;
			buildSettings = {
				ALWAYS_SEARCH_USER_PATHS = NO;
				CLANG_ANALYZER_NONNULL = YES;
				CLANG_ANALYZER_NUMBER_OBJECT_CONVERSION = YES_AGGRESSIVE;
				CLANG_CXX_LANGUAGE_STANDARD = "gnu++20";
				CLANG_ENABLE_MODULES = YES;
				CLANG_ENABLE_OBJC_ARC = YES;
				CLANG_ENABLE_OBJC_WEAK = YES;
				CLANG_WARN_BLOCK_CAPTURE_AUTORELEASING = YES;
				CLANG_WARN_BOOL_CONVERSION = YES;
				CLANG_WARN_COMMA = YES;
				CLANG_WARN_CONSTANT_CONVERSION = YES;
				CLANG_WARN_DEPRECATED_OBJC_IMPLEMENTATIONS = YES;
				CLANG_WARN_DIRECT_OBJC_ISA_USAGE = YES_ERROR;
				CLANG_WARN_DOCUMENTATION_COMMENTS = YES;
				CLANG_WARN_EMPTY_BODY = YES;
				CLANG_WARN_ENUM_CONVERSION = YES;
				CLANG_WARN_INFINITE_RECURSION = YES;
				CLANG_WARN_INT_CONVERSION = YES;
				CLANG_WARN_NON_LITERAL_NULL_CONVERSION = YES;
				CLANG_WARN_OBJC_IMPLICIT_RETAIN_SELF = YES;
				CLANG_WARN_OBJC_LITERAL_CONVERSION = YES;
				CLANG_WARN_OBJC_ROOT_CLASS = YES_ERROR;
				CLANG_WARN_QUOTED_INCLUDE_IN_FRAMEWORK_HEADER = YES;
				CLANG_WARN_RANGE_LOOP_ANALYSIS = YES;
				CLANG_WARN_STRICT_PROTOTYPES = YES;
				CLANG_WARN_SUSPICIOUS_MOVE = YES;
				CLANG_WARN_UNGUARDED_AVAILABILITY = YES_AGGRESSIVE;
				CLANG_WARN_UNREACHABLE_CODE = YES;
				CLANG_WARN__DUPLICATE_METHOD_MATCH = YES;
				COPY_PHASE_STRIP = NO;
				CURRENT_PROJECT_VERSION = 1;
				DEBUG_INFORMATION_FORMAT = "dwarf-with-dsym";
				ENABLE_NS_ASSERTIONS = NO;
				ENABLE_STRICT_OBJC_MSGSEND = YES;
				GCC_C_LANGUAGE_STANDARD = gnu11;
				GCC_NO_COMMON_BLOCKS = YES;
				GCC_WARN_64_TO_32_BIT_CONVERSION = YES;
				GCC_WARN_ABOUT_RETURN_TYPE = YES_ERROR;
				GCC_WARN_UNDECLARED_SELECTOR = YES;
				GCC_WARN_UNINITIALIZED_AUTOS = YES_AGGRESSIVE;
				GCC_WARN_UNUSED_FUNCTION = YES;
				GCC_WARN_UNUSED_VARIABLE = YES;
				IPHONEOS_DEPLOYMENT_TARGET = 16.4;
				MTL_ENABLE_DEBUG_INFO = NO;
				MTL_FAST_MATH = YES;
				SDKROOT = iphoneos;
				SWIFT_COMPILATION_MODE = wholemodule;
				SWIFT_OPTIMIZATION_LEVEL = "-O";
				VALIDATE_PRODUCT = YES;
				VERSIONING_SYSTEM = "apple-generic";
				VERSION_INFO_PREFIX = "";
			};
			name = Release;
		};
		A9C164942A0FC376009EA7A7 /* Debug */ = {
			isa = XCBuildConfiguration;
			buildSettings = {
				CLANG_ENABLE_MODULES = YES;
				CODE_SIGN_STYLE = Automatic;
				CURRENT_PROJECT_VERSION = 1;
				DEFINES_MODULE = YES;
				DEVELOPMENT_TEAM = 4VHK29RMU6;
				DYLIB_COMPATIBILITY_VERSION = 1;
				DYLIB_CURRENT_VERSION = 1;
				DYLIB_INSTALL_NAME_BASE = "@rpath";
				ENABLE_MODULE_VERIFIER = YES;
				GENERATE_INFOPLIST_FILE = YES;
				INFOPLIST_KEY_NSHumanReadableCopyright = "";
				INSTALL_PATH = "$(LOCAL_LIBRARY_DIR)/Frameworks";
				IPHONEOS_DEPLOYMENT_TARGET = 16.0;
				LD_RUNPATH_SEARCH_PATHS = (
					"$(inherited)",
					"@executable_path/Frameworks",
					"@loader_path/Frameworks",
				);
				MARKETING_VERSION = 1.0;
				MODULE_VERIFIER_SUPPORTED_LANGUAGES = "objective-c objective-c++";
				MODULE_VERIFIER_SUPPORTED_LANGUAGE_STANDARDS = "gnu11 gnu++20";
				PRODUCT_BUNDLE_IDENTIFIER = com.yopeso.flaviusdolha.Budget;
				PRODUCT_NAME = "$(TARGET_NAME:c99extidentifier)";
				SKIP_INSTALL = YES;
				SWIFT_EMIT_LOC_STRINGS = YES;
				SWIFT_OPTIMIZATION_LEVEL = "-Onone";
				SWIFT_VERSION = 5.0;
				TARGETED_DEVICE_FAMILY = "1,2";
			};
			name = Debug;
		};
		A9C164952A0FC376009EA7A7 /* Release */ = {
			isa = XCBuildConfiguration;
			buildSettings = {
				CLANG_ENABLE_MODULES = YES;
				CODE_SIGN_STYLE = Automatic;
				CURRENT_PROJECT_VERSION = 1;
				DEFINES_MODULE = YES;
				DEVELOPMENT_TEAM = 4VHK29RMU6;
				DYLIB_COMPATIBILITY_VERSION = 1;
				DYLIB_CURRENT_VERSION = 1;
				DYLIB_INSTALL_NAME_BASE = "@rpath";
				ENABLE_MODULE_VERIFIER = YES;
				GENERATE_INFOPLIST_FILE = YES;
				INFOPLIST_KEY_NSHumanReadableCopyright = "";
				INSTALL_PATH = "$(LOCAL_LIBRARY_DIR)/Frameworks";
				IPHONEOS_DEPLOYMENT_TARGET = 16.0;
				LD_RUNPATH_SEARCH_PATHS = (
					"$(inherited)",
					"@executable_path/Frameworks",
					"@loader_path/Frameworks",
				);
				MARKETING_VERSION = 1.0;
				MODULE_VERIFIER_SUPPORTED_LANGUAGES = "objective-c objective-c++";
				MODULE_VERIFIER_SUPPORTED_LANGUAGE_STANDARDS = "gnu11 gnu++20";
				PRODUCT_BUNDLE_IDENTIFIER = com.yopeso.flaviusdolha.Budget;
				PRODUCT_NAME = "$(TARGET_NAME:c99extidentifier)";
				SKIP_INSTALL = YES;
				SWIFT_EMIT_LOC_STRINGS = YES;
				SWIFT_VERSION = 5.0;
				TARGETED_DEVICE_FAMILY = "1,2";
			};
			name = Release;
		};
/* End XCBuildConfiguration section */

/* Begin XCConfigurationList section */
		A9C164862A0FC376009EA7A7 /* Build configuration list for PBXProject "Budget" */ = {
			isa = XCConfigurationList;
			buildConfigurations = (
				A9C164912A0FC376009EA7A7 /* Debug */,
				A9C164922A0FC376009EA7A7 /* Release */,
			);
			defaultConfigurationIsVisible = 0;
			defaultConfigurationName = Release;
		};
		A9C164932A0FC376009EA7A7 /* Build configuration list for PBXNativeTarget "Budget" */ = {
			isa = XCConfigurationList;
			buildConfigurations = (
				A9C164942A0FC376009EA7A7 /* Debug */,
				A9C164952A0FC376009EA7A7 /* Release */,
			);
			defaultConfigurationIsVisible = 0;
			defaultConfigurationName = Release;
		};
/* End XCConfigurationList section */
	};
	rootObject = A9C164832A0FC376009EA7A7 /* Project object */;
}
