// !$*UTF8*$!
{
	archiveVersion = 1;
	classes = {
	};
	objectVersion = 56;
	objects = {

/* Begin PBXBuildFile section */
		A918CE542A01482800B5450F /* Scanner.h in Headers */ = {isa = PBXBuildFile; fileRef = A918CE532A01482800B5450F /* Scanner.h */; settings = {ATTRIBUTES = (Public, ); }; };
		A918CE5E2A01496200B5450F /* ScannerAssembly.swift in Sources */ = {isa = PBXBuildFile; fileRef = A918CE5A2A01496200B5450F /* ScannerAssembly.swift */; };
		A918CE5F2A01496200B5450F /* ScannerInteractor.swift in Sources */ = {isa = PBXBuildFile; fileRef = A918CE5B2A01496200B5450F /* ScannerInteractor.swift */; };
		A918CE602A01496200B5450F /* ScannerView.swift in Sources */ = {isa = PBXBuildFile; fileRef = A918CE5C2A01496200B5450F /* ScannerView.swift */; };
		A918CE612A01496200B5450F /* ScannerState.swift in Sources */ = {isa = PBXBuildFile; fileRef = A918CE5D2A01496200B5450F /* ScannerState.swift */; };
		A918CE692A014D7E00B5450F /* Core.framework in Frameworks */ = {isa = PBXBuildFile; fileRef = A918CE672A014D7E00B5450F /* Core.framework */; };
		A918CE6A2A014D7E00B5450F /* Core.framework in Embed Frameworks */ = {isa = PBXBuildFile; fileRef = A918CE672A014D7E00B5450F /* Core.framework */; settings = {ATTRIBUTES = (CodeSignOnCopy, RemoveHeadersOnCopy, ); }; };
		A918CE6B2A014D7E00B5450F /* Design.framework in Frameworks */ = {isa = PBXBuildFile; fileRef = A918CE682A014D7E00B5450F /* Design.framework */; };
		A918CE6C2A014D7E00B5450F /* Design.framework in Embed Frameworks */ = {isa = PBXBuildFile; fileRef = A918CE682A014D7E00B5450F /* Design.framework */; settings = {ATTRIBUTES = (CodeSignOnCopy, RemoveHeadersOnCopy, ); }; };
		A918CE6F2A014E2100B5450F /* ScannerRouter.swift in Sources */ = {isa = PBXBuildFile; fileRef = A918CE6E2A014E2100B5450F /* ScannerRouter.swift */; };
		A918CE712A01513700B5450F /* ScannerEnvironment.swift in Sources */ = {isa = PBXBuildFile; fileRef = A918CE702A01513700B5450F /* ScannerEnvironment.swift */; };
		A9847DEE2A02455000E053EA /* SharedState.framework in Frameworks */ = {isa = PBXBuildFile; fileRef = A9847DED2A02455000E053EA /* SharedState.framework */; };
		A9847DEF2A02455000E053EA /* SharedState.framework in Embed Frameworks */ = {isa = PBXBuildFile; fileRef = A9847DED2A02455000E053EA /* SharedState.framework */; settings = {ATTRIBUTES = (CodeSignOnCopy, RemoveHeadersOnCopy, ); }; };
		A9847E112A02AB1100E053EA /* ScannerService.swift in Sources */ = {isa = PBXBuildFile; fileRef = A9847E102A02AB1100E053EA /* ScannerService.swift */; };
/* End PBXBuildFile section */

/* Begin PBXContainerItemProxy section */
		A91EBD882A0BB29E00D2F13C /* PBXContainerItemProxy */ = {
			isa = PBXContainerItemProxy;
			containerPortal = A91EBD842A0BB29E00D2F13C /* Reports.xcodeproj */;
			proxyType = 2;
			remoteGlobalIDString = A91EBD7A2A0BB29800D2F13C;
			remoteInfo = Reports;
		};
/* End PBXContainerItemProxy section */

/* Begin PBXCopyFilesBuildPhase section */
		A918CE6D2A014D7E00B5450F /* Embed Frameworks */ = {
			isa = PBXCopyFilesBuildPhase;
			buildActionMask = 2147483647;
			dstPath = "";
			dstSubfolderSpec = 10;
			files = (
				A918CE6C2A014D7E00B5450F /* Design.framework in Embed Frameworks */,
				A9847DEF2A02455000E053EA /* SharedState.framework in Embed Frameworks */,
				A918CE6A2A014D7E00B5450F /* Core.framework in Embed Frameworks */,
			);
			name = "Embed Frameworks";
			runOnlyForDeploymentPostprocessing = 0;
		};
/* End PBXCopyFilesBuildPhase section */

/* Begin PBXFileReference section */
		A918CE502A01482800B5450F /* ReceiptScanner.framework */ = {isa = PBXFileReference; explicitFileType = wrapper.framework; includeInIndex = 0; path = ReceiptScanner.framework; sourceTree = BUILT_PRODUCTS_DIR; };
		A918CE532A01482800B5450F /* Scanner.h */ = {isa = PBXFileReference; lastKnownFileType = sourcecode.c.h; path = Scanner.h; sourceTree = "<group>"; };
		A918CE5A2A01496200B5450F /* ScannerAssembly.swift */ = {isa = PBXFileReference; lastKnownFileType = sourcecode.swift; path = ScannerAssembly.swift; sourceTree = "<group>"; };
		A918CE5B2A01496200B5450F /* ScannerInteractor.swift */ = {isa = PBXFileReference; lastKnownFileType = sourcecode.swift; path = ScannerInteractor.swift; sourceTree = "<group>"; };
		A918CE5C2A01496200B5450F /* ScannerView.swift */ = {isa = PBXFileReference; lastKnownFileType = sourcecode.swift; path = ScannerView.swift; sourceTree = "<group>"; };
		A918CE5D2A01496200B5450F /* ScannerState.swift */ = {isa = PBXFileReference; lastKnownFileType = sourcecode.swift; path = ScannerState.swift; sourceTree = "<group>"; };
		A918CE672A014D7E00B5450F /* Core.framework */ = {isa = PBXFileReference; explicitFileType = wrapper.framework; path = Core.framework; sourceTree = BUILT_PRODUCTS_DIR; };
		A918CE682A014D7E00B5450F /* Design.framework */ = {isa = PBXFileReference; explicitFileType = wrapper.framework; path = Design.framework; sourceTree = BUILT_PRODUCTS_DIR; };
		A918CE6E2A014E2100B5450F /* ScannerRouter.swift */ = {isa = PBXFileReference; fileEncoding = 4; lastKnownFileType = sourcecode.swift; path = ScannerRouter.swift; sourceTree = "<group>"; };
		A918CE702A01513700B5450F /* ScannerEnvironment.swift */ = {isa = PBXFileReference; lastKnownFileType = sourcecode.swift; path = ScannerEnvironment.swift; sourceTree = "<group>"; };
		A91EBD842A0BB29E00D2F13C /* Reports.xcodeproj */ = {isa = PBXFileReference; lastKnownFileType = "wrapper.pb-project"; name = Reports.xcodeproj; path = ../Reports/Reports.xcodeproj; sourceTree = "<group>"; };
		A9847DED2A02455000E053EA /* SharedState.framework */ = {isa = PBXFileReference; explicitFileType = wrapper.framework; path = SharedState.framework; sourceTree = BUILT_PRODUCTS_DIR; };
		A9847E102A02AB1100E053EA /* ScannerService.swift */ = {isa = PBXFileReference; lastKnownFileType = sourcecode.swift; path = ScannerService.swift; sourceTree = "<group>"; };
/* End PBXFileReference section */

/* Begin PBXFrameworksBuildPhase section */
		A918CE4D2A01482800B5450F /* Frameworks */ = {
			isa = PBXFrameworksBuildPhase;
			buildActionMask = 2147483647;
			files = (
				A918CE6B2A014D7E00B5450F /* Design.framework in Frameworks */,
				A9847DEE2A02455000E053EA /* SharedState.framework in Frameworks */,
				A918CE692A014D7E00B5450F /* Core.framework in Frameworks */,
			);
			runOnlyForDeploymentPostprocessing = 0;
		};
/* End PBXFrameworksBuildPhase section */

/* Begin PBXGroup section */
		A918CE462A01482800B5450F = {
			isa = PBXGroup;
			children = (
				A91EBD842A0BB29E00D2F13C /* Reports.xcodeproj */,
				A918CE5A2A01496200B5450F /* ScannerAssembly.swift */,
				A918CE702A01513700B5450F /* ScannerEnvironment.swift */,
				A918CE5B2A01496200B5450F /* ScannerInteractor.swift */,
				A918CE6E2A014E2100B5450F /* ScannerRouter.swift */,
				A9847E102A02AB1100E053EA /* ScannerService.swift */,
				A918CE5C2A01496200B5450F /* ScannerView.swift */,
				A918CE5D2A01496200B5450F /* ScannerState.swift */,
				A918CE522A01482800B5450F /* Scanner */,
				A918CE512A01482800B5450F /* Products */,
				A918CE662A014D7E00B5450F /* Frameworks */,
			);
			sourceTree = "<group>";
		};
		A918CE512A01482800B5450F /* Products */ = {
			isa = PBXGroup;
			children = (
				A918CE502A01482800B5450F /* ReceiptScanner.framework */,
			);
			name = Products;
			sourceTree = "<group>";
		};
		A918CE522A01482800B5450F /* Scanner */ = {
			isa = PBXGroup;
			children = (
				A918CE532A01482800B5450F /* Scanner.h */,
			);
			path = Scanner;
			sourceTree = "<group>";
		};
		A918CE662A014D7E00B5450F /* Frameworks */ = {
			isa = PBXGroup;
			children = (
				A9847DED2A02455000E053EA /* SharedState.framework */,
				A918CE672A014D7E00B5450F /* Core.framework */,
				A918CE682A014D7E00B5450F /* Design.framework */,
			);
			name = Frameworks;
			sourceTree = "<group>";
		};
		A91EBD852A0BB29E00D2F13C /* Products */ = {
			isa = PBXGroup;
			children = (
				A91EBD892A0BB29E00D2F13C /* Reports.framework */,
			);
			name = Products;
			sourceTree = "<group>";
		};
/* End PBXGroup section */

/* Begin PBXHeadersBuildPhase section */
		A918CE4B2A01482800B5450F /* Headers */ = {
			isa = PBXHeadersBuildPhase;
			buildActionMask = 2147483647;
			files = (
				A918CE542A01482800B5450F /* Scanner.h in Headers */,
			);
			runOnlyForDeploymentPostprocessing = 0;
		};
/* End PBXHeadersBuildPhase section */

/* Begin PBXNativeTarget section */
		A918CE4F2A01482800B5450F /* ReceiptScanner */ = {
			isa = PBXNativeTarget;
			buildConfigurationList = A918CE572A01482800B5450F /* Build configuration list for PBXNativeTarget "ReceiptScanner" */;
			buildPhases = (
				A918CE4B2A01482800B5450F /* Headers */,
				A918CE4C2A01482800B5450F /* Sources */,
				A918CE4D2A01482800B5450F /* Frameworks */,
				A918CE4E2A01482800B5450F /* Resources */,
				A918CE6D2A014D7E00B5450F /* Embed Frameworks */,
			);
			buildRules = (
			);
			dependencies = (
			);
			name = ReceiptScanner;
			productName = Scanner;
			productReference = A918CE502A01482800B5450F /* ReceiptScanner.framework */;
			productType = "com.apple.product-type.framework";
		};
/* End PBXNativeTarget section */

/* Begin PBXProject section */
		A918CE472A01482800B5450F /* Project object */ = {
			isa = PBXProject;
			attributes = {
				BuildIndependentTargetsInParallel = 1;
				LastUpgradeCheck = 1430;
				TargetAttributes = {
					A918CE4F2A01482800B5450F = {
						CreatedOnToolsVersion = 14.3;
						LastSwiftMigration = 1430;
					};
				};
			};
			buildConfigurationList = A918CE4A2A01482800B5450F /* Build configuration list for PBXProject "ReceiptScanner" */;
			compatibilityVersion = "Xcode 14.0";
			developmentRegion = en;
			hasScannedForEncodings = 0;
			knownRegions = (
				en,
				Base,
			);
			mainGroup = A918CE462A01482800B5450F;
			productRefGroup = A918CE512A01482800B5450F /* Products */;
			projectDirPath = "";
			projectReferences = (
				{
					ProductGroup = A91EBD852A0BB29E00D2F13C /* Products */;
					ProjectRef = A91EBD842A0BB29E00D2F13C /* Reports.xcodeproj */;
				},
			);
			projectRoot = "";
			targets = (
				A918CE4F2A01482800B5450F /* ReceiptScanner */,
			);
		};
/* End PBXProject section */

/* Begin PBXReferenceProxy section */
		A91EBD892A0BB29E00D2F13C /* Reports.framework */ = {
			isa = PBXReferenceProxy;
			fileType = wrapper.framework;
			path = Reports.framework;
			remoteRef = A91EBD882A0BB29E00D2F13C /* PBXContainerItemProxy */;
			sourceTree = BUILT_PRODUCTS_DIR;
		};
/* End PBXReferenceProxy section */

/* Begin PBXResourcesBuildPhase section */
		A918CE4E2A01482800B5450F /* Resources */ = {
			isa = PBXResourcesBuildPhase;
			buildActionMask = 2147483647;
			files = (
			);
			runOnlyForDeploymentPostprocessing = 0;
		};
/* End PBXResourcesBuildPhase section */

/* Begin PBXSourcesBuildPhase section */
		A918CE4C2A01482800B5450F /* Sources */ = {
			isa = PBXSourcesBuildPhase;
			buildActionMask = 2147483647;
			files = (
				A918CE6F2A014E2100B5450F /* ScannerRouter.swift in Sources */,
				A918CE612A01496200B5450F /* ScannerState.swift in Sources */,
				A918CE602A01496200B5450F /* ScannerView.swift in Sources */,
				A918CE5E2A01496200B5450F /* ScannerAssembly.swift in Sources */,
				A918CE712A01513700B5450F /* ScannerEnvironment.swift in Sources */,
				A9847E112A02AB1100E053EA /* ScannerService.swift in Sources */,
				A918CE5F2A01496200B5450F /* ScannerInteractor.swift in Sources */,
			);
			runOnlyForDeploymentPostprocessing = 0;
		};
/* End PBXSourcesBuildPhase section */

/* Begin XCBuildConfiguration section */
		A918CE552A01482800B5450F /* Debug */ = {
			isa = XCBuildConfiguration;
			buildSettings = {
				ALWAYS_SEARCH_USER_PATHS = NO;
				CLANG_ANALYZER_NONNULL = YES;
				CLANG_ANALYZER_NUMBER_OBJECT_CONVERSION = YES_AGGRESSIVE;
				CLANG_CXX_LANGUAGE_STANDARD = "gnu++20";
				CLANG_ENABLE_MODULES = YES;
				CLANG_ENABLE_OBJC_ARC = YES;
				CLANG_ENABLE_OBJC_WEAK = YES;
				CLANG_WARN_BLOCK_CAPTURE_AUTORELEASING = YES;
				CLANG_WARN_BOOL_CONVERSION = YES;
				CLANG_WARN_COMMA = YES;
				CLANG_WARN_CONSTANT_CONVERSION = YES;
				CLANG_WARN_DEPRECATED_OBJC_IMPLEMENTATIONS = YES;
				CLANG_WARN_DIRECT_OBJC_ISA_USAGE = YES_ERROR;
				CLANG_WARN_DOCUMENTATION_COMMENTS = YES;
				CLANG_WARN_EMPTY_BODY = YES;
				CLANG_WARN_ENUM_CONVERSION = YES;
				CLANG_WARN_INFINITE_RECURSION = YES;
				CLANG_WARN_INT_CONVERSION = YES;
				CLANG_WARN_NON_LITERAL_NULL_CONVERSION = YES;
				CLANG_WARN_OBJC_IMPLICIT_RETAIN_SELF = YES;
				CLANG_WARN_OBJC_LITERAL_CONVERSION = YES;
				CLANG_WARN_OBJC_ROOT_CLASS = YES_ERROR;
				CLANG_WARN_QUOTED_INCLUDE_IN_FRAMEWORK_HEADER = YES;
				CLANG_WARN_RANGE_LOOP_ANALYSIS = YES;
				CLANG_WARN_STRICT_PROTOTYPES = YES;
				CLANG_WARN_SUSPICIOUS_MOVE = YES;
				CLANG_WARN_UNGUARDED_AVAILABILITY = YES_AGGRESSIVE;
				CLANG_WARN_UNREACHABLE_CODE = YES;
				CLANG_WARN__DUPLICATE_METHOD_MATCH = YES;
				COPY_PHASE_STRIP = NO;
				CURRENT_PROJECT_VERSION = 1;
				DEBUG_INFORMATION_FORMAT = dwarf;
				ENABLE_STRICT_OBJC_MSGSEND = YES;
				ENABLE_TESTABILITY = YES;
				GCC_C_LANGUAGE_STANDARD = gnu11;
				GCC_DYNAMIC_NO_PIC = NO;
				GCC_NO_COMMON_BLOCKS = YES;
				GCC_OPTIMIZATION_LEVEL = 0;
				GCC_PREPROCESSOR_DEFINITIONS = (
					"DEBUG=1",
					"$(inherited)",
				);
				GCC_WARN_64_TO_32_BIT_CONVERSION = YES;
				GCC_WARN_ABOUT_RETURN_TYPE = YES_ERROR;
				GCC_WARN_UNDECLARED_SELECTOR = YES;
				GCC_WARN_UNINITIALIZED_AUTOS = YES_AGGRESSIVE;
				GCC_WARN_UNUSED_FUNCTION = YES;
				GCC_WARN_UNUSED_VARIABLE = YES;
				IPHONEOS_DEPLOYMENT_TARGET = 16.4;
				MTL_ENABLE_DEBUG_INFO = INCLUDE_SOURCE;
				MTL_FAST_MATH = YES;
				ONLY_ACTIVE_ARCH = YES;
				SDKROOT = iphoneos;
				SWIFT_ACTIVE_COMPILATION_CONDITIONS = DEBUG;
				SWIFT_OPTIMIZATION_LEVEL = "-Onone";
				VERSIONING_SYSTEM = "apple-generic";
				VERSION_INFO_PREFIX = "";
			};
			name = Debug;
		};
		A918CE562A01482800B5450F /* Release */ = {
			isa = XCBuildConfiguration;
			buildSettings = {
				ALWAYS_SEARCH_USER_PATHS = NO;
				CLANG_ANALYZER_NONNULL = YES;
				CLANG_ANALYZER_NUMBER_OBJECT_CONVERSION = YES_AGGRESSIVE;
				CLANG_CXX_LANGUAGE_STANDARD = "gnu++20";
				CLANG_ENABLE_MODULES = YES;
				CLANG_ENABLE_OBJC_ARC = YES;
				CLANG_ENABLE_OBJC_WEAK = YES;
				CLANG_WARN_BLOCK_CAPTURE_AUTORELEASING = YES;
				CLANG_WARN_BOOL_CONVERSION = YES;
				CLANG_WARN_COMMA = YES;
				CLANG_WARN_CONSTANT_CONVERSION = YES;
				CLANG_WARN_DEPRECATED_OBJC_IMPLEMENTATIONS = YES;
				CLANG_WARN_DIRECT_OBJC_ISA_USAGE = YES_ERROR;
				CLANG_WARN_DOCUMENTATION_COMMENTS = YES;
				CLANG_WARN_EMPTY_BODY = YES;
				CLANG_WARN_ENUM_CONVERSION = YES;
				CLANG_WARN_INFINITE_RECURSION = YES;
				CLANG_WARN_INT_CONVERSION = YES;
				CLANG_WARN_NON_LITERAL_NULL_CONVERSION = YES;
				CLANG_WARN_OBJC_IMPLICIT_RETAIN_SELF = YES;
				CLANG_WARN_OBJC_LITERAL_CONVERSION = YES;
				CLANG_WARN_OBJC_ROOT_CLASS = YES_ERROR;
				CLANG_WARN_QUOTED_INCLUDE_IN_FRAMEWORK_HEADER = YES;
				CLANG_WARN_RANGE_LOOP_ANALYSIS = YES;
				CLANG_WARN_STRICT_PROTOTYPES = YES;
				CLANG_WARN_SUSPICIOUS_MOVE = YES;
				CLANG_WARN_UNGUARDED_AVAILABILITY = YES_AGGRESSIVE;
				CLANG_WARN_UNREACHABLE_CODE = YES;
				CLANG_WARN__DUPLICATE_METHOD_MATCH = YES;
				COPY_PHASE_STRIP = NO;
				CURRENT_PROJECT_VERSION = 1;
				DEBUG_INFORMATION_FORMAT = "dwarf-with-dsym";
				ENABLE_NS_ASSERTIONS = NO;
				ENABLE_STRICT_OBJC_MSGSEND = YES;
				GCC_C_LANGUAGE_STANDARD = gnu11;
				GCC_NO_COMMON_BLOCKS = YES;
				GCC_WARN_64_TO_32_BIT_CONVERSION = YES;
				GCC_WARN_ABOUT_RETURN_TYPE = YES_ERROR;
				GCC_WARN_UNDECLARED_SELECTOR = YES;
				GCC_WARN_UNINITIALIZED_AUTOS = YES_AGGRESSIVE;
				GCC_WARN_UNUSED_FUNCTION = YES;
				GCC_WARN_UNUSED_VARIABLE = YES;
				IPHONEOS_DEPLOYMENT_TARGET = 16.4;
				MTL_ENABLE_DEBUG_INFO = NO;
				MTL_FAST_MATH = YES;
				SDKROOT = iphoneos;
				SWIFT_COMPILATION_MODE = wholemodule;
				SWIFT_OPTIMIZATION_LEVEL = "-O";
				VALIDATE_PRODUCT = YES;
				VERSIONING_SYSTEM = "apple-generic";
				VERSION_INFO_PREFIX = "";
			};
			name = Release;
		};
		A918CE582A01482800B5450F /* Debug */ = {
			isa = XCBuildConfiguration;
			buildSettings = {
				CLANG_ENABLE_MODULES = YES;
				CODE_SIGN_STYLE = Automatic;
				CURRENT_PROJECT_VERSION = 1;
				DEFINES_MODULE = YES;
				DEVELOPMENT_TEAM = 4VHK29RMU6;
				DYLIB_COMPATIBILITY_VERSION = 1;
				DYLIB_CURRENT_VERSION = 1;
				DYLIB_INSTALL_NAME_BASE = "@rpath";
				ENABLE_MODULE_VERIFIER = YES;
				GENERATE_INFOPLIST_FILE = YES;
				INFOPLIST_KEY_NSHumanReadableCopyright = "";
				INSTALL_PATH = "$(LOCAL_LIBRARY_DIR)/Frameworks";
				IPHONEOS_DEPLOYMENT_TARGET = 16.0;
				LD_RUNPATH_SEARCH_PATHS = (
					"$(inherited)",
					"@executable_path/Frameworks",
					"@loader_path/Frameworks",
				);
				MARKETING_VERSION = 1.0;
				MODULE_VERIFIER_SUPPORTED_LANGUAGES = "objective-c objective-c++";
				MODULE_VERIFIER_SUPPORTED_LANGUAGE_STANDARDS = "gnu11 gnu++20";
				PRODUCT_BUNDLE_IDENTIFIER = com.yopeso.flaviusdolha.Scanner;
				PRODUCT_NAME = "$(TARGET_NAME:c99extidentifier)";
				SKIP_INSTALL = YES;
				SWIFT_EMIT_LOC_STRINGS = YES;
				SWIFT_OPTIMIZATION_LEVEL = "-Onone";
				SWIFT_VERSION = 5.0;
				TARGETED_DEVICE_FAMILY = "1,2";
			};
			name = Debug;
		};
		A918CE592A01482800B5450F /* Release */ = {
			isa = XCBuildConfiguration;
			buildSettings = {
				CLANG_ENABLE_MODULES = YES;
				CODE_SIGN_STYLE = Automatic;
				CURRENT_PROJECT_VERSION = 1;
				DEFINES_MODULE = YES;
				DEVELOPMENT_TEAM = 4VHK29RMU6;
				DYLIB_COMPATIBILITY_VERSION = 1;
				DYLIB_CURRENT_VERSION = 1;
				DYLIB_INSTALL_NAME_BASE = "@rpath";
				ENABLE_MODULE_VERIFIER = YES;
				GENERATE_INFOPLIST_FILE = YES;
				INFOPLIST_KEY_NSHumanReadableCopyright = "";
				INSTALL_PATH = "$(LOCAL_LIBRARY_DIR)/Frameworks";
				IPHONEOS_DEPLOYMENT_TARGET = 16.0;
				LD_RUNPATH_SEARCH_PATHS = (
					"$(inherited)",
					"@executable_path/Frameworks",
					"@loader_path/Frameworks",
				);
				MARKETING_VERSION = 1.0;
				MODULE_VERIFIER_SUPPORTED_LANGUAGES = "objective-c objective-c++";
				MODULE_VERIFIER_SUPPORTED_LANGUAGE_STANDARDS = "gnu11 gnu++20";
				PRODUCT_BUNDLE_IDENTIFIER = com.yopeso.flaviusdolha.Scanner;
				PRODUCT_NAME = "$(TARGET_NAME:c99extidentifier)";
				SKIP_INSTALL = YES;
				SWIFT_EMIT_LOC_STRINGS = YES;
				SWIFT_VERSION = 5.0;
				TARGETED_DEVICE_FAMILY = "1,2";
			};
			name = Release;
		};
/* End XCBuildConfiguration section */

/* Begin XCConfigurationList section */
		A918CE4A2A01482800B5450F /* Build configuration list for PBXProject "ReceiptScanner" */ = {
			isa = XCConfigurationList;
			buildConfigurations = (
				A918CE552A01482800B5450F /* Debug */,
				A918CE562A01482800B5450F /* Release */,
			);
			defaultConfigurationIsVisible = 0;
			defaultConfigurationName = Release;
		};
		A918CE572A01482800B5450F /* Build configuration list for PBXNativeTarget "ReceiptScanner" */ = {
			isa = XCConfigurationList;
			buildConfigurations = (
				A918CE582A01482800B5450F /* Debug */,
				A918CE592A01482800B5450F /* Release */,
			);
			defaultConfigurationIsVisible = 0;
			defaultConfigurationName = Release;
		};
/* End XCConfigurationList section */
	};
	rootObject = A918CE472A01482800B5450F /* Project object */;
}
